// !$*UTF8*$!
{
	archiveVersion = 1;
	classes = {
	};
	objectVersion = 50;
	objects = {

/* Begin PBXBuildFile section */
		2E0F905C20ECF2F000635D84 /* AppDelegate.swift in Sources */ = {isa = PBXBuildFile; fileRef = 2E0F905B20ECF2F000635D84 /* AppDelegate.swift */; };
		2E0F906120ECF2F000635D84 /* Main.storyboard in Resources */ = {isa = PBXBuildFile; fileRef = 2E0F905F20ECF2F000635D84 /* Main.storyboard */; };
		2E0F906420ECF2F000635D84 /* HamroConfession.xcdatamodeld in Sources */ = {isa = PBXBuildFile; fileRef = 2E0F906220ECF2F000635D84 /* HamroConfession.xcdatamodeld */; };
		2E0F906620ECF2F300635D84 /* Assets.xcassets in Resources */ = {isa = PBXBuildFile; fileRef = 2E0F906520ECF2F300635D84 /* Assets.xcassets */; };
		2E0F906920ECF2F300635D84 /* LaunchScreen.storyboard in Resources */ = {isa = PBXBuildFile; fileRef = 2E0F906720ECF2F300635D84 /* LaunchScreen.storyboard */; };
		2E0F907620ECF34F00635D84 /* LoginViewController.swift in Sources */ = {isa = PBXBuildFile; fileRef = 2E0F907520ECF34F00635D84 /* LoginViewController.swift */; };
		2E0F907820ECF35C00635D84 /* HomeViewController.swift in Sources */ = {isa = PBXBuildFile; fileRef = 2E0F907720ECF35C00635D84 /* HomeViewController.swift */; };
		2E0F907A20ECF36500635D84 /* SettingViewController.swift in Sources */ = {isa = PBXBuildFile; fileRef = 2E0F907920ECF36500635D84 /* SettingViewController.swift */; };
		2E0F907C20ECF37000635D84 /* WebsiteViewController.swift in Sources */ = {isa = PBXBuildFile; fileRef = 2E0F907B20ECF37000635D84 /* WebsiteViewController.swift */; };
		2E0F907E20ECF38B00635D84 /* SettingTableViewCell.swift in Sources */ = {isa = PBXBuildFile; fileRef = 2E0F907D20ECF38B00635D84 /* SettingTableViewCell.swift */; };
		2E0F908020ECF39900635D84 /* Color.swift in Sources */ = {isa = PBXBuildFile; fileRef = 2E0F907F20ECF39900635D84 /* Color.swift */; };
		2E0F908220ECF48700635D84 /* Utilities.swift in Sources */ = {isa = PBXBuildFile; fileRef = 2E0F908120ECF48700635D84 /* Utilities.swift */; };
		2E0F909320ECFE1100635D84 /* pp.html in Resources */ = {isa = PBXBuildFile; fileRef = 2E0F909020ECFE1100635D84 /* pp.html */; };
		2E0F909420ECFE1100635D84 /* tc.html in Resources */ = {isa = PBXBuildFile; fileRef = 2E0F909120ECFE1100635D84 /* tc.html */; };
		2E0F909520ECFE1100635D84 /* about_us.html in Resources */ = {isa = PBXBuildFile; fileRef = 2E0F909220ECFE1100635D84 /* about_us.html */; };
/* End PBXBuildFile section */

/* Begin PBXFileReference section */
		2E0F905820ECF2F000635D84 /* HamroConfession.app */ = {isa = PBXFileReference; explicitFileType = wrapper.application; includeInIndex = 0; path = HamroConfession.app; sourceTree = BUILT_PRODUCTS_DIR; };
		2E0F905B20ECF2F000635D84 /* AppDelegate.swift */ = {isa = PBXFileReference; lastKnownFileType = sourcecode.swift; path = AppDelegate.swift; sourceTree = "<group>"; };
		2E0F906020ECF2F000635D84 /* Base */ = {isa = PBXFileReference; lastKnownFileType = file.storyboard; name = Base; path = Base.lproj/Main.storyboard; sourceTree = "<group>"; };
		2E0F906320ECF2F000635D84 /* HamroConfession.xcdatamodel */ = {isa = PBXFileReference; lastKnownFileType = wrapper.xcdatamodel; path = HamroConfession.xcdatamodel; sourceTree = "<group>"; };
		2E0F906520ECF2F300635D84 /* Assets.xcassets */ = {isa = PBXFileReference; lastKnownFileType = folder.assetcatalog; path = Assets.xcassets; sourceTree = "<group>"; };
		2E0F906820ECF2F300635D84 /* Base */ = {isa = PBXFileReference; lastKnownFileType = file.storyboard; name = Base; path = Base.lproj/LaunchScreen.storyboard; sourceTree = "<group>"; };
		2E0F906A20ECF2F300635D84 /* Info.plist */ = {isa = PBXFileReference; lastKnownFileType = text.plist.xml; path = Info.plist; sourceTree = "<group>"; };
		2E0F907520ECF34F00635D84 /* LoginViewController.swift */ = {isa = PBXFileReference; lastKnownFileType = sourcecode.swift; path = LoginViewController.swift; sourceTree = "<group>"; };
		2E0F907720ECF35C00635D84 /* HomeViewController.swift */ = {isa = PBXFileReference; lastKnownFileType = sourcecode.swift; path = HomeViewController.swift; sourceTree = "<group>"; };
		2E0F907920ECF36500635D84 /* SettingViewController.swift */ = {isa = PBXFileReference; lastKnownFileType = sourcecode.swift; path = SettingViewController.swift; sourceTree = "<group>"; };
		2E0F907B20ECF37000635D84 /* WebsiteViewController.swift */ = {isa = PBXFileReference; lastKnownFileType = sourcecode.swift; path = WebsiteViewController.swift; sourceTree = "<group>"; };
		2E0F907D20ECF38B00635D84 /* SettingTableViewCell.swift */ = {isa = PBXFileReference; lastKnownFileType = sourcecode.swift; path = SettingTableViewCell.swift; sourceTree = "<group>"; };
		2E0F907F20ECF39900635D84 /* Color.swift */ = {isa = PBXFileReference; lastKnownFileType = sourcecode.swift; path = Color.swift; sourceTree = "<group>"; };
		2E0F908120ECF48700635D84 /* Utilities.swift */ = {isa = PBXFileReference; lastKnownFileType = sourcecode.swift; path = Utilities.swift; sourceTree = "<group>"; };
		2E0F909020ECFE1100635D84 /* pp.html */ = {isa = PBXFileReference; fileEncoding = 4; lastKnownFileType = text.html; path = pp.html; sourceTree = "<group>"; };
		2E0F909120ECFE1100635D84 /* tc.html */ = {isa = PBXFileReference; fileEncoding = 4; lastKnownFileType = text.html; path = tc.html; sourceTree = "<group>"; };
		2E0F909220ECFE1100635D84 /* about_us.html */ = {isa = PBXFileReference; fileEncoding = 4; lastKnownFileType = text.html; path = about_us.html; sourceTree = "<group>"; };
/* End PBXFileReference section */

/* Begin PBXFrameworksBuildPhase section */
		2E0F905520ECF2F000635D84 /* Frameworks */ = {
			isa = PBXFrameworksBuildPhase;
			buildActionMask = 2147483647;
			files = (
			);
			runOnlyForDeploymentPostprocessing = 0;
		};
/* End PBXFrameworksBuildPhase section */

/* Begin PBXGroup section */
		2E0F904F20ECF2F000635D84 = {
			isa = PBXGroup;
			children = (
				2E0F905A20ECF2F000635D84 /* HamroConfession */,
				2E0F905920ECF2F000635D84 /* Products */,
			);
			sourceTree = "<group>";
		};
		2E0F905920ECF2F000635D84 /* Products */ = {
			isa = PBXGroup;
			children = (
				2E0F905820ECF2F000635D84 /* HamroConfession.app */,
			);
			name = Products;
			sourceTree = "<group>";
		};
		2E0F905A20ECF2F000635D84 /* HamroConfession */ = {
			isa = PBXGroup;
			children = (
				2E0F907420ECF33800635D84 /* Utility */,
				2E0F907320ECF32D00635D84 /* Controller */,
				2E0F907220ECF32800635D84 /* Model */,
				2E0F907120ECF32300635D84 /* View */,
				2E0F905B20ECF2F000635D84 /* AppDelegate.swift */,
				2E0F905F20ECF2F000635D84 /* Main.storyboard */,
				2E0F906520ECF2F300635D84 /* Assets.xcassets */,
				2E0F906720ECF2F300635D84 /* LaunchScreen.storyboard */,
				2E0F906A20ECF2F300635D84 /* Info.plist */,
				2E0F906220ECF2F000635D84 /* HamroConfession.xcdatamodeld */,
			);
			path = HamroConfession;
			sourceTree = "<group>";
		};
		2E0F907020ECF31E00635D84 /* Constant */ = {
			isa = PBXGroup;
			children = (
				2E0F907F20ECF39900635D84 /* Color.swift */,
			);
			path = Constant;
			sourceTree = "<group>";
		};
		2E0F907120ECF32300635D84 /* View */ = {
			isa = PBXGroup;
			children = (
				2E0F907D20ECF38B00635D84 /* SettingTableViewCell.swift */,
			);
			path = View;
			sourceTree = "<group>";
		};
		2E0F907220ECF32800635D84 /* Model */ = {
			isa = PBXGroup;
			children = (
			);
			path = Model;
			sourceTree = "<group>";
		};
		2E0F907320ECF32D00635D84 /* Controller */ = {
			isa = PBXGroup;
			children = (
				2E0F907520ECF34F00635D84 /* LoginViewController.swift */,
				2E0F907720ECF35C00635D84 /* HomeViewController.swift */,
				2E0F907920ECF36500635D84 /* SettingViewController.swift */,
				2E0F907B20ECF37000635D84 /* WebsiteViewController.swift */,
			);
			path = Controller;
			sourceTree = "<group>";
		};
		2E0F907420ECF33800635D84 /* Utility */ = {
			isa = PBXGroup;
			children = (
				2E0F908320ECFCE100635D84 /* HTML */,
				2E0F907020ECF31E00635D84 /* Constant */,
				2E0F908120ECF48700635D84 /* Utilities.swift */,
			);
			path = Utility;
			sourceTree = "<group>";
		};
		2E0F908320ECFCE100635D84 /* HTML */ = {
			isa = PBXGroup;
			children = (
				2E0F909220ECFE1100635D84 /* about_us.html */,
				2E0F909020ECFE1100635D84 /* pp.html */,
				2E0F909120ECFE1100635D84 /* tc.html */,
			);
			path = HTML;
			sourceTree = "<group>";
		};
/* End PBXGroup section */

/* Begin PBXNativeTarget section */
		2E0F905720ECF2F000635D84 /* HamroConfession */ = {
			isa = PBXNativeTarget;
			buildConfigurationList = 2E0F906D20ECF2F300635D84 /* Build configuration list for PBXNativeTarget "HamroConfession" */;
			buildPhases = (
				2E0F905420ECF2F000635D84 /* Sources */,
				2E0F905520ECF2F000635D84 /* Frameworks */,
				2E0F905620ECF2F000635D84 /* Resources */,
			);
			buildRules = (
			);
			dependencies = (
			);
			name = HamroConfession;
			productName = HamroConfession;
			productReference = 2E0F905820ECF2F000635D84 /* HamroConfession.app */;
			productType = "com.apple.product-type.application";
		};
/* End PBXNativeTarget section */

/* Begin PBXProject section */
		2E0F905020ECF2F000635D84 /* Project object */ = {
			isa = PBXProject;
			attributes = {
				LastSwiftUpdateCheck = 0940;
				LastUpgradeCheck = 0940;
				ORGANIZATIONNAME = "Sunil Gurung";
				TargetAttributes = {
					2E0F905720ECF2F000635D84 = {
						CreatedOnToolsVersion = 9.4.1;
					};
				};
			};
			buildConfigurationList = 2E0F905320ECF2F000635D84 /* Build configuration list for PBXProject "HamroConfession" */;
			compatibilityVersion = "Xcode 9.3";
			developmentRegion = en;
			hasScannedForEncodings = 0;
			knownRegions = (
				en,
				Base,
			);
			mainGroup = 2E0F904F20ECF2F000635D84;
			productRefGroup = 2E0F905920ECF2F000635D84 /* Products */;
			projectDirPath = "";
			projectRoot = "";
			targets = (
				2E0F905720ECF2F000635D84 /* HamroConfession */,
			);
		};
/* End PBXProject section */

/* Begin PBXResourcesBuildPhase section */
		2E0F905620ECF2F000635D84 /* Resources */ = {
			isa = PBXResourcesBuildPhase;
			buildActionMask = 2147483647;
			files = (
				2E0F909420ECFE1100635D84 /* tc.html in Resources */,
				2E0F906920ECF2F300635D84 /* LaunchScreen.storyboard in Resources */,
				2E0F909520ECFE1100635D84 /* about_us.html in Resources */,
				2E0F906620ECF2F300635D84 /* Assets.xcassets in Resources */,
				2E0F909320ECFE1100635D84 /* pp.html in Resources */,
				2E0F906120ECF2F000635D84 /* Main.storyboard in Resources */,
			);
			runOnlyForDeploymentPostprocessing = 0;
		};
/* End PBXResourcesBuildPhase section */

/* Begin PBXSourcesBuildPhase section */
		2E0F905420ECF2F000635D84 /* Sources */ = {
			isa = PBXSourcesBuildPhase;
			buildActionMask = 2147483647;
			files = (
				2E0F907A20ECF36500635D84 /* SettingViewController.swift in Sources */,
				2E0F907620ECF34F00635D84 /* LoginViewController.swift in Sources */,
				2E0F907E20ECF38B00635D84 /* SettingTableViewCell.swift in Sources */,
				2E0F905C20ECF2F000635D84 /* AppDelegate.swift in Sources */,
				2E0F906420ECF2F000635D84 /* HamroConfession.xcdatamodeld in Sources */,
				2E0F908020ECF39900635D84 /* Color.swift in Sources */,
				2E0F908220ECF48700635D84 /* Utilities.swift in Sources */,
				2E0F907C20ECF37000635D84 /* WebsiteViewController.swift in Sources */,
				2E0F907820ECF35C00635D84 /* HomeViewController.swift in Sources */,
			);
			runOnlyForDeploymentPostprocessing = 0;
		};
/* End PBXSourcesBuildPhase section */

/* Begin PBXVariantGroup section */
		2E0F905F20ECF2F000635D84 /* Main.storyboard */ = {
			isa = PBXVariantGroup;
			children = (
				2E0F906020ECF2F000635D84 /* Base */,
			);
			name = Main.storyboard;
			sourceTree = "<group>";
		};
		2E0F906720ECF2F300635D84 /* LaunchScreen.storyboard */ = {
			isa = PBXVariantGroup;
			children = (
				2E0F906820ECF2F300635D84 /* Base */,
			);
			name = LaunchScreen.storyboard;
			sourceTree = "<group>";
		};
/* End PBXVariantGroup section */

/* Begin XCBuildConfiguration section */
		2E0F906B20ECF2F300635D84 /* Debug */ = {
			isa = XCBuildConfiguration;
			buildSettings = {
				ALWAYS_SEARCH_USER_PATHS = NO;
				CLANG_ANALYZER_NONNULL = YES;
				CLANG_ANALYZER_NUMBER_OBJECT_CONVERSION = YES_AGGRESSIVE;
				CLANG_CXX_LANGUAGE_STANDARD = "gnu++14";
				CLANG_CXX_LIBRARY = "libc++";
				CLANG_ENABLE_MODULES = YES;
				CLANG_ENABLE_OBJC_ARC = YES;
				CLANG_ENABLE_OBJC_WEAK = YES;
				CLANG_WARN_BLOCK_CAPTURE_AUTORELEASING = YES;
				CLANG_WARN_BOOL_CONVERSION = YES;
				CLANG_WARN_COMMA = YES;
				CLANG_WARN_CONSTANT_CONVERSION = YES;
				CLANG_WARN_DEPRECATED_OBJC_IMPLEMENTATIONS = YES;
				CLANG_WARN_DIRECT_OBJC_ISA_USAGE = YES_ERROR;
				CLANG_WARN_DOCUMENTATION_COMMENTS = YES;
				CLANG_WARN_EMPTY_BODY = YES;
				CLANG_WARN_ENUM_CONVERSION = YES;
				CLANG_WARN_INFINITE_RECURSION = YES;
				CLANG_WARN_INT_CONVERSION = YES;
				CLANG_WARN_NON_LITERAL_NULL_CONVERSION = YES;
				CLANG_WARN_OBJC_IMPLICIT_RETAIN_SELF = YES;
				CLANG_WARN_OBJC_LITERAL_CONVERSION = YES;
				CLANG_WARN_OBJC_ROOT_CLASS = YES_ERROR;
				CLANG_WARN_RANGE_LOOP_ANALYSIS = YES;
				CLANG_WARN_STRICT_PROTOTYPES = YES;
				CLANG_WARN_SUSPICIOUS_MOVE = YES;
				CLANG_WARN_UNGUARDED_AVAILABILITY = YES_AGGRESSIVE;
				CLANG_WARN_UNREACHABLE_CODE = YES;
				CLANG_WARN__DUPLICATE_METHOD_MATCH = YES;
				CODE_SIGN_IDENTITY = "iPhone Developer";
				COPY_PHASE_STRIP = NO;
				DEBUG_INFORMATION_FORMAT = dwarf;
				ENABLE_STRICT_OBJC_MSGSEND = YES;
				ENABLE_TESTABILITY = YES;
				GCC_C_LANGUAGE_STANDARD = gnu11;
				GCC_DYNAMIC_NO_PIC = NO;
				GCC_NO_COMMON_BLOCKS = YES;
				GCC_OPTIMIZATION_LEVEL = 0;
				GCC_PREPROCESSOR_DEFINITIONS = (
					"DEBUG=1",
					"$(inherited)",
				);
				GCC_WARN_64_TO_32_BIT_CONVERSION = YES;
				GCC_WARN_ABOUT_RETURN_TYPE = YES_ERROR;
				GCC_WARN_UNDECLARED_SELECTOR = YES;
				GCC_WARN_UNINITIALIZED_AUTOS = YES_AGGRESSIVE;
				GCC_WARN_UNUSED_FUNCTION = YES;
				GCC_WARN_UNUSED_VARIABLE = YES;
				IPHONEOS_DEPLOYMENT_TARGET = 11.4;
				MTL_ENABLE_DEBUG_INFO = YES;
				ONLY_ACTIVE_ARCH = YES;
				SDKROOT = iphoneos;
				SWIFT_ACTIVE_COMPILATION_CONDITIONS = DEBUG;
				SWIFT_OPTIMIZATION_LEVEL = "-Onone";
			};
			name = Debug;
		};
		2E0F906C20ECF2F300635D84 /* Release */ = {
			isa = XCBuildConfiguration;
			buildSettings = {
				ALWAYS_SEARCH_USER_PATHS = NO;
				CLANG_ANALYZER_NONNULL = YES;
				CLANG_ANALYZER_NUMBER_OBJECT_CONVERSION = YES_AGGRESSIVE;
				CLANG_CXX_LANGUAGE_STANDARD = "gnu++14";
				CLANG_CXX_LIBRARY = "libc++";
				CLANG_ENABLE_MODULES = YES;
				CLANG_ENABLE_OBJC_ARC = YES;
				CLANG_ENABLE_OBJC_WEAK = YES;
				CLANG_WARN_BLOCK_CAPTURE_AUTORELEASING = YES;
				CLANG_WARN_BOOL_CONVERSION = YES;
				CLANG_WARN_COMMA = YES;
				CLANG_WARN_CONSTANT_CONVERSION = YES;
				CLANG_WARN_DEPRECATED_OBJC_IMPLEMENTATIONS = YES;
				CLANG_WARN_DIRECT_OBJC_ISA_USAGE = YES_ERROR;
				CLANG_WARN_DOCUMENTATION_COMMENTS = YES;
				CLANG_WARN_EMPTY_BODY = YES;
				CLANG_WARN_ENUM_CONVERSION = YES;
				CLANG_WARN_INFINITE_RECURSION = YES;
				CLANG_WARN_INT_CONVERSION = YES;
				CLANG_WARN_NON_LITERAL_NULL_CONVERSION = YES;
				CLANG_WARN_OBJC_IMPLICIT_RETAIN_SELF = YES;
				CLANG_WARN_OBJC_LITERAL_CONVERSION = YES;
				CLANG_WARN_OBJC_ROOT_CLASS = YES_ERROR;
				CLANG_WARN_RANGE_LOOP_ANALYSIS = YES;
				CLANG_WARN_STRICT_PROTOTYPES = YES;
				CLANG_WARN_SUSPICIOUS_MOVE = YES;
				CLANG_WARN_UNGUARDED_AVAILABILITY = YES_AGGRESSIVE;
				CLANG_WARN_UNREACHABLE_CODE = YES;
				CLANG_WARN__DUPLICATE_METHOD_MATCH = YES;
				CODE_SIGN_IDENTITY = "iPhone Developer";
				COPY_PHASE_STRIP = NO;
				DEBUG_INFORMATION_FORMAT = "dwarf-with-dsym";
				ENABLE_NS_ASSERTIONS = NO;
				ENABLE_STRICT_OBJC_MSGSEND = YES;
				GCC_C_LANGUAGE_STANDARD = gnu11;
				GCC_NO_COMMON_BLOCKS = YES;
				GCC_WARN_64_TO_32_BIT_CONVERSION = YES;
				GCC_WARN_ABOUT_RETURN_TYPE = YES_ERROR;
				GCC_WARN_UNDECLARED_SELECTOR = YES;
				GCC_WARN_UNINITIALIZED_AUTOS = YES_AGGRESSIVE;
				GCC_WARN_UNUSED_FUNCTION = YES;
				GCC_WARN_UNUSED_VARIABLE = YES;
				IPHONEOS_DEPLOYMENT_TARGET = 11.4;
				MTL_ENABLE_DEBUG_INFO = NO;
				SDKROOT = iphoneos;
				SWIFT_COMPILATION_MODE = wholemodule;
				SWIFT_OPTIMIZATION_LEVEL = "-O";
				VALIDATE_PRODUCT = YES;
			};
			name = Release;
		};
		2E0F906E20ECF2F300635D84 /* Debug */ = {
			isa = XCBuildConfiguration;
			buildSettings = {
				ASSETCATALOG_COMPILER_APPICON_NAME = AppIcon;
				CODE_SIGN_STYLE = Automatic;
				DEVELOPMENT_TEAM = 63UXYZ8XVE;
				INFOPLIST_FILE = HamroConfession/Info.plist;
				LD_RUNPATH_SEARCH_PATHS = (
					"$(inherited)",
					"@executable_path/Frameworks",
				);
				PRODUCT_BUNDLE_IDENTIFIER = "-interactivemedia.HamroConfession";
				PRODUCT_NAME = "$(TARGET_NAME)";
				SWIFT_VERSION = 4.0;
				TARGETED_DEVICE_FAMILY = "1,2";
			};
			name = Debug;
		};
		2E0F906F20ECF2F300635D84 /* Release */ = {
			isa = XCBuildConfiguration;
			buildSettings = {
				ASSETCATALOG_COMPILER_APPICON_NAME = AppIcon;
				CODE_SIGN_STYLE = Automatic;
				DEVELOPMENT_TEAM = 63UXYZ8XVE;
				INFOPLIST_FILE = HamroConfession/Info.plist;
				LD_RUNPATH_SEARCH_PATHS = (
					"$(inherited)",
					"@executable_path/Frameworks",
				);
				PRODUCT_BUNDLE_IDENTIFIER = "-interactivemedia.HamroConfession";
				PRODUCT_NAME = "$(TARGET_NAME)";
				SWIFT_VERSION = 4.0;
				TARGETED_DEVICE_FAMILY = "1,2";
			};
			name = Release;
		};
/* End XCBuildConfiguration section */

/* Begin XCConfigurationList section */
		2E0F905320ECF2F000635D84 /* Build configuration list for PBXProject "HamroConfession" */ = {
			isa = XCConfigurationList;
			buildConfigurations = (
				2E0F906B20ECF2F300635D84 /* Debug */,
				2E0F906C20ECF2F300635D84 /* Release */,
			);
			defaultConfigurationIsVisible = 0;
			defaultConfigurationName = Release;
		};
		2E0F906D20ECF2F300635D84 /* Build configuration list for PBXNativeTarget "HamroConfession" */ = {
			isa = XCConfigurationList;
			buildConfigurations = (
				2E0F906E20ECF2F300635D84 /* Debug */,
				2E0F906F20ECF2F300635D84 /* Release */,
			);
			defaultConfigurationIsVisible = 0;
			defaultConfigurationName = Release;
		};
/* End XCConfigurationList section */

/* Begin XCVersionGroup section */
		2E0F906220ECF2F000635D84 /* HamroConfession.xcdatamodeld */ = {
			isa = XCVersionGroup;
			children = (
				2E0F906320ECF2F000635D84 /* HamroConfession.xcdatamodel */,
			);
			currentVersion = 2E0F906320ECF2F000635D84 /* HamroConfession.xcdatamodel */;
			path = HamroConfession.xcdatamodeld;
			sourceTree = "<group>";
			versionGroupType = wrapper.xcdatamodel;
		};
/* End XCVersionGroup section */
	};
	rootObject = 2E0F905020ECF2F000635D84 /* Project object */;
}
